
Microsoft Visual Studio Solution File, Format Version 12.00
# Visual Studio Version 17
VisualStudioVersion = 17.0.31919.166
MinimumVisualStudioVersion = 10.0.40219.1
Project("{FAE04EC0-301F-11D3-BF4B-00C04F79EFBC}") = "Vending_Machine", "Vending_Machine\Vending_Machine.csproj", "{C5BFADCD-E7A8-4518-9CED-6366C8F94458}"
EndProject
Global
	GlobalSection(SolutionConfigurationPlatforms) = preSolution
		Debug|Any CPU = Debug|Any CPU
		Release|Any CPU = Release|Any CPU
	EndGlobalSection
	GlobalSection(ProjectConfigurationPlatforms) = postSolution
		{C5BFADCD-E7A8-4518-9CED-6366C8F94458}.Debug|Any CPU.ActiveCfg = Debug|Any CPU
		{C5BFADCD-E7A8-4518-9CED-6366C8F94458}.Debug|Any CPU.Build.0 = Debug|Any CPU
		{C5BFADCD-E7A8-4518-9CED-6366C8F94458}.Release|Any CPU.ActiveCfg = Release|Any CPU
		{C5BFADCD-E7A8-4518-9CED-6366C8F94458}.Release|Any CPU.Build.0 = Release|Any CPU
	EndGlobalSection
	GlobalSection(SolutionProperties) = preSolution
		HideSolutionNode = FALSE
	EndGlobalSection
	GlobalSection(ExtensibilityGlobals) = postSolution
		SolutionGuid = {B034EE51-5430-4503-BD0A-9010EE7C5E23}
	EndGlobalSection
EndGlobal
